// !$*UTF8*$!
{
	archiveVersion = 1;
	classes = {
	};
	objectVersion = 55;
	objects = {

/* Begin PBXBuildFile section */
		AA8374FF7A4CEC2E46AE4EDB /* Pods_ToDoHomework.framework in Frameworks */ = {isa = PBXBuildFile; fileRef = 1D7C51E43437B5AFD5D2FFC4 /* Pods_ToDoHomework.framework */; };
		F4436ACC2735490A00658751 /* ToDoHomeworkApp.swift in Sources */ = {isa = PBXBuildFile; fileRef = F4436ACB2735490A00658751 /* ToDoHomeworkApp.swift */; };
		F4436ACE2735490A00658751 /* ContentView.swift in Sources */ = {isa = PBXBuildFile; fileRef = F4436ACD2735490A00658751 /* ContentView.swift */; };
		F4436AD02735490D00658751 /* Assets.xcassets in Resources */ = {isa = PBXBuildFile; fileRef = F4436ACF2735490D00658751 /* Assets.xcassets */; };
		F4436AD32735490D00658751 /* Preview Assets.xcassets in Resources */ = {isa = PBXBuildFile; fileRef = F4436AD22735490D00658751 /* Preview Assets.xcassets */; };
		F4436ADC273555CE00658751 /* GoogleService-Info.plist in Resources */ = {isa = PBXBuildFile; fileRef = F4436ADB273555CE00658751 /* GoogleService-Info.plist */; };
		F4436ADE273674BC00658751 /* ToDoStruct.swift in Sources */ = {isa = PBXBuildFile; fileRef = F4436ADD273674BC00658751 /* ToDoStruct.swift */; };
		F4436AE0273676DD00658751 /* ViewModel.swift in Sources */ = {isa = PBXBuildFile; fileRef = F4436ADF273676DD00658751 /* ViewModel.swift */; };
/* End PBXBuildFile section */

/* Begin PBXFileReference section */
		14D38AE099339ABC2DF3FE43 /* Pods-ToDoHomework.release.xcconfig */ = {isa = PBXFileReference; includeInIndex = 1; lastKnownFileType = text.xcconfig; name = "Pods-ToDoHomework.release.xcconfig"; path = "Target Support Files/Pods-ToDoHomework/Pods-ToDoHomework.release.xcconfig"; sourceTree = "<group>"; };
		1D7C51E43437B5AFD5D2FFC4 /* Pods_ToDoHomework.framework */ = {isa = PBXFileReference; explicitFileType = wrapper.framework; includeInIndex = 0; path = Pods_ToDoHomework.framework; sourceTree = BUILT_PRODUCTS_DIR; };
		6BC16C16BC5FA9E50ECC2FD4 /* Pods-ToDoHomework.debug.xcconfig */ = {isa = PBXFileReference; includeInIndex = 1; lastKnownFileType = text.xcconfig; name = "Pods-ToDoHomework.debug.xcconfig"; path = "Target Support Files/Pods-ToDoHomework/Pods-ToDoHomework.debug.xcconfig"; sourceTree = "<group>"; };
		F4436AC82735490A00658751 /* ToDoHomework.app */ = {isa = PBXFileReference; explicitFileType = wrapper.application; includeInIndex = 0; path = ToDoHomework.app; sourceTree = BUILT_PRODUCTS_DIR; };
		F4436ACB2735490A00658751 /* ToDoHomeworkApp.swift */ = {isa = PBXFileReference; lastKnownFileType = sourcecode.swift; path = ToDoHomeworkApp.swift; sourceTree = "<group>"; };
		F4436ACD2735490A00658751 /* ContentView.swift */ = {isa = PBXFileReference; lastKnownFileType = sourcecode.swift; path = ContentView.swift; sourceTree = "<group>"; };
		F4436ACF2735490D00658751 /* Assets.xcassets */ = {isa = PBXFileReference; lastKnownFileType = folder.assetcatalog; path = Assets.xcassets; sourceTree = "<group>"; };
		F4436AD22735490D00658751 /* Preview Assets.xcassets */ = {isa = PBXFileReference; lastKnownFileType = folder.assetcatalog; path = "Preview Assets.xcassets"; sourceTree = "<group>"; };
		F4436ADB273555CE00658751 /* GoogleService-Info.plist */ = {isa = PBXFileReference; fileEncoding = 4; lastKnownFileType = text.plist.xml; path = "GoogleService-Info.plist"; sourceTree = "<group>"; };
		F4436ADD273674BC00658751 /* ToDoStruct.swift */ = {isa = PBXFileReference; lastKnownFileType = sourcecode.swift; path = ToDoStruct.swift; sourceTree = "<group>"; };
		F4436ADF273676DD00658751 /* ViewModel.swift */ = {isa = PBXFileReference; lastKnownFileType = sourcecode.swift; path = ViewModel.swift; sourceTree = "<group>"; };
/* End PBXFileReference section */

/* Begin PBXFrameworksBuildPhase section */
		F4436AC52735490A00658751 /* Frameworks */ = {
			isa = PBXFrameworksBuildPhase;
			buildActionMask = 2147483647;
			files = (
				AA8374FF7A4CEC2E46AE4EDB /* Pods_ToDoHomework.framework in Frameworks */,
			);
			runOnlyForDeploymentPostprocessing = 0;
		};
/* End PBXFrameworksBuildPhase section */

/* Begin PBXGroup section */
		9CB322AE8365BF3616A5BB46 /* Pods */ = {
			isa = PBXGroup;
			children = (
				6BC16C16BC5FA9E50ECC2FD4 /* Pods-ToDoHomework.debug.xcconfig */,
				14D38AE099339ABC2DF3FE43 /* Pods-ToDoHomework.release.xcconfig */,
			);
			path = Pods;
			sourceTree = "<group>";
		};
		D535E49628065582588F9924 /* Frameworks */ = {
			isa = PBXGroup;
			children = (
				1D7C51E43437B5AFD5D2FFC4 /* Pods_ToDoHomework.framework */,
			);
			name = Frameworks;
			sourceTree = "<group>";
		};
		F4436ABF2735490A00658751 = {
			isa = PBXGroup;
			children = (
				F4436ACA2735490A00658751 /* ToDoHomework */,
				F4436AC92735490A00658751 /* Products */,
				9CB322AE8365BF3616A5BB46 /* Pods */,
				D535E49628065582588F9924 /* Frameworks */,
			);
			sourceTree = "<group>";
		};
		F4436AC92735490A00658751 /* Products */ = {
			isa = PBXGroup;
			children = (
				F4436AC82735490A00658751 /* ToDoHomework.app */,
			);
			name = Products;
			sourceTree = "<group>";
		};
		F4436ACA2735490A00658751 /* ToDoHomework */ = {
			isa = PBXGroup;
			children = (
				F4436ADB273555CE00658751 /* GoogleService-Info.plist */,
				F4436ACB2735490A00658751 /* ToDoHomeworkApp.swift */,
				F4436ACD2735490A00658751 /* ContentView.swift */,
				F4436ADD273674BC00658751 /* ToDoStruct.swift */,
				F4436ADF273676DD00658751 /* ViewModel.swift */,
				F4436ACF2735490D00658751 /* Assets.xcassets */,
				F4436AD12735490D00658751 /* Preview Content */,
			);
			path = ToDoHomework;
			sourceTree = "<group>";
		};
		F4436AD12735490D00658751 /* Preview Content */ = {
			isa = PBXGroup;
			children = (
				F4436AD22735490D00658751 /* Preview Assets.xcassets */,
			);
			path = "Preview Content";
			sourceTree = "<group>";
		};
/* End PBXGroup section */

/* Begin PBXNativeTarget section */
		F4436AC72735490A00658751 /* ToDoHomework */ = {
			isa = PBXNativeTarget;
			buildConfigurationList = F4436AD62735490D00658751 /* Build configuration list for PBXNativeTarget "ToDoHomework" */;
			buildPhases = (
				073BED6CE7772214882749C9 /* [CP] Check Pods Manifest.lock */,
				F4436AC42735490A00658751 /* Sources */,
				F4436AC52735490A00658751 /* Frameworks */,
				F4436AC62735490A00658751 /* Resources */,
				96A9CF21DB153D619DDD5BCC /* [CP] Embed Pods Frameworks */,
			);
			buildRules = (
			);
			dependencies = (
			);
			name = ToDoHomework;
			productName = ToDoHomework;
			productReference = F4436AC82735490A00658751 /* ToDoHomework.app */;
			productType = "com.apple.product-type.application";
		};
/* End PBXNativeTarget section */

/* Begin PBXProject section */
		F4436AC02735490A00658751 /* Project object */ = {
			isa = PBXProject;
			attributes = {
				BuildIndependentTargetsInParallel = 1;
				LastSwiftUpdateCheck = 1310;
				LastUpgradeCheck = 1310;
				TargetAttributes = {
					F4436AC72735490A00658751 = {
						CreatedOnToolsVersion = 13.1;
					};
				};
			};
			buildConfigurationList = F4436AC32735490A00658751 /* Build configuration list for PBXProject "ToDoHomework" */;
			compatibilityVersion = "Xcode 13.0";
			developmentRegion = en;
			hasScannedForEncodings = 0;
			knownRegions = (
				en,
				Base,
			);
			mainGroup = F4436ABF2735490A00658751;
			productRefGroup = F4436AC92735490A00658751 /* Products */;
			projectDirPath = "";
			projectRoot = "";
			targets = (
				F4436AC72735490A00658751 /* ToDoHomework */,
			);
		};
/* End PBXProject section */

/* Begin PBXResourcesBuildPhase section */
		F4436AC62735490A00658751 /* Resources */ = {
			isa = PBXResourcesBuildPhase;
			buildActionMask = 2147483647;
			files = (
				F4436AD32735490D00658751 /* Preview Assets.xcassets in Resources */,
				F4436AD02735490D00658751 /* Assets.xcassets in Resources */,
				F4436ADC273555CE00658751 /* GoogleService-Info.plist in Resources */,
			);
			runOnlyForDeploymentPostprocessing = 0;
		};
/* End PBXResourcesBuildPhase section */

/* Begin PBXShellScriptBuildPhase section */
		073BED6CE7772214882749C9 /* [CP] Check Pods Manifest.lock */ = {
			isa = PBXShellScriptBuildPhase;
			buildActionMask = 2147483647;
			files = (
			);
			inputFileListPaths = (
			);
			inputPaths = (
				"${PODS_PODFILE_DIR_PATH}/Podfile.lock",
				"${PODS_ROOT}/Manifest.lock",
			);
			name = "[CP] Check Pods Manifest.lock";
			outputFileListPaths = (
			);
			outputPaths = (
				"$(DERIVED_FILE_DIR)/Pods-ToDoHomework-checkManifestLockResult.txt",
			);
			runOnlyForDeploymentPostprocessing = 0;
			shellPath = /bin/sh;
			shellScript = "diff \"${PODS_PODFILE_DIR_PATH}/Podfile.lock\" \"${PODS_ROOT}/Manifest.lock\" > /dev/null\nif [ $? != 0 ] ; then\n    # print error to STDERR\n    echo \"error: The sandbox is not in sync with the Podfile.lock. Run 'pod install' or update your CocoaPods installation.\" >&2\n    exit 1\nfi\n# This output is used by Xcode 'outputs' to avoid re-running this script phase.\necho \"SUCCESS\" > \"${SCRIPT_OUTPUT_FILE_0}\"\n";
			showEnvVarsInLog = 0;
		};
		96A9CF21DB153D619DDD5BCC /* [CP] Embed Pods Frameworks */ = {
			isa = PBXShellScriptBuildPhase;
			buildActionMask = 2147483647;
			files = (
			);
			inputFileListPaths = (
				"${PODS_ROOT}/Target Support Files/Pods-ToDoHomework/Pods-ToDoHomework-frameworks-${CONFIGURATION}-input-files.xcfilelist",
			);
			name = "[CP] Embed Pods Frameworks";
			outputFileListPaths = (
				"${PODS_ROOT}/Target Support Files/Pods-ToDoHomework/Pods-ToDoHomework-frameworks-${CONFIGURATION}-output-files.xcfilelist",
			);
			runOnlyForDeploymentPostprocessing = 0;
			shellPath = /bin/sh;
			shellScript = "\"${PODS_ROOT}/Target Support Files/Pods-ToDoHomework/Pods-ToDoHomework-frameworks.sh\"\n";
			showEnvVarsInLog = 0;
		};
/* End PBXShellScriptBuildPhase section */

/* Begin PBXSourcesBuildPhase section */
		F4436AC42735490A00658751 /* Sources */ = {
			isa = PBXSourcesBuildPhase;
			buildActionMask = 2147483647;
			files = (
				F4436ACE2735490A00658751 /* ContentView.swift in Sources */,
				F4436ADE273674BC00658751 /* ToDoStruct.swift in Sources */,
				F4436AE0273676DD00658751 /* ViewModel.swift in Sources */,
				F4436ACC2735490A00658751 /* ToDoHomeworkApp.swift in Sources */,
			);
			runOnlyForDeploymentPostprocessing = 0;
		};
/* End PBXSourcesBuildPhase section */

/* Begin XCBuildConfiguration section */
		F4436AD42735490D00658751 /* Debug */ = {
			isa = XCBuildConfiguration;
			buildSettings = {
				ALWAYS_SEARCH_USER_PATHS = NO;
				CLANG_ANALYZER_NONNULL = YES;
				CLANG_ANALYZER_NUMBER_OBJECT_CONVERSION = YES_AGGRESSIVE;
				CLANG_CXX_LANGUAGE_STANDARD = "gnu++17";
				CLANG_CXX_LIBRARY = "libc++";
				CLANG_ENABLE_MODULES = YES;
				CLANG_ENABLE_OBJC_ARC = YES;
				CLANG_ENABLE_OBJC_WEAK = YES;
				CLANG_WARN_BLOCK_CAPTURE_AUTORELEASING = YES;
				CLANG_WARN_BOOL_CONVERSION = YES;
				CLANG_WARN_COMMA = YES;
				CLANG_WARN_CONSTANT_CONVERSION = YES;
				CLANG_WARN_DEPRECATED_OBJC_IMPLEMENTATIONS = YES;
				CLANG_WARN_DIRECT_OBJC_ISA_USAGE = YES_ERROR;
				CLANG_WARN_DOCUMENTATION_COMMENTS = YES;
				CLANG_WARN_EMPTY_BODY = YES;
				CLANG_WARN_ENUM_CONVERSION = YES;
				CLANG_WARN_INFINITE_RECURSION = YES;
				CLANG_WARN_INT_CONVERSION = YES;
				CLANG_WARN_NON_LITERAL_NULL_CONVERSION = YES;
				CLANG_WARN_OBJC_IMPLICIT_RETAIN_SELF = YES;
				CLANG_WARN_OBJC_LITERAL_CONVERSION = YES;
				CLANG_WARN_OBJC_ROOT_CLASS = YES_ERROR;
				CLANG_WARN_QUOTED_INCLUDE_IN_FRAMEWORK_HEADER = YES;
				CLANG_WARN_RANGE_LOOP_ANALYSIS = YES;
				CLANG_WARN_STRICT_PROTOTYPES = YES;
				CLANG_WARN_SUSPICIOUS_MOVE = YES;
				CLANG_WARN_UNGUARDED_AVAILABILITY = YES_AGGRESSIVE;
				CLANG_WARN_UNREACHABLE_CODE = YES;
				CLANG_WARN__DUPLICATE_METHOD_MATCH = YES;
				COPY_PHASE_STRIP = NO;
				DEBUG_INFORMATION_FORMAT = dwarf;
				ENABLE_STRICT_OBJC_MSGSEND = YES;
				ENABLE_TESTABILITY = YES;
				GCC_C_LANGUAGE_STANDARD = gnu11;
				GCC_DYNAMIC_NO_PIC = NO;
				GCC_NO_COMMON_BLOCKS = YES;
				GCC_OPTIMIZATION_LEVEL = 0;
				GCC_PREPROCESSOR_DEFINITIONS = (
					"DEBUG=1",
					"$(inherited)",
				);
				GCC_WARN_64_TO_32_BIT_CONVERSION = YES;
				GCC_WARN_ABOUT_RETURN_TYPE = YES_ERROR;
				GCC_WARN_UNDECLARED_SELECTOR = YES;
				GCC_WARN_UNINITIALIZED_AUTOS = YES_AGGRESSIVE;
				GCC_WARN_UNUSED_FUNCTION = YES;
				GCC_WARN_UNUSED_VARIABLE = YES;
				IPHONEOS_DEPLOYMENT_TARGET = 15.0;
				MTL_ENABLE_DEBUG_INFO = INCLUDE_SOURCE;
				MTL_FAST_MATH = YES;
				ONLY_ACTIVE_ARCH = YES;
				SDKROOT = iphoneos;
				SWIFT_ACTIVE_COMPILATION_CONDITIONS = DEBUG;
				SWIFT_OPTIMIZATION_LEVEL = "-Onone";
			};
			name = Debug;
		};
		F4436AD52735490D00658751 /* Release */ = {
			isa = XCBuildConfiguration;
			buildSettings = {
				ALWAYS_SEARCH_USER_PATHS = NO;
				CLANG_ANALYZER_NONNULL = YES;
				CLANG_ANALYZER_NUMBER_OBJECT_CONVERSION = YES_AGGRESSIVE;
				CLANG_CXX_LANGUAGE_STANDARD = "gnu++17";
				CLANG_CXX_LIBRARY = "libc++";
				CLANG_ENABLE_MODULES = YES;
				CLANG_ENABLE_OBJC_ARC = YES;
				CLANG_ENABLE_OBJC_WEAK = YES;
				CLANG_WARN_BLOCK_CAPTURE_AUTORELEASING = YES;
				CLANG_WARN_BOOL_CONVERSION = YES;
				CLANG_WARN_COMMA = YES;
				CLANG_WARN_CONSTANT_CONVERSION = YES;
				CLANG_WARN_DEPRECATED_OBJC_IMPLEMENTATIONS = YES;
				CLANG_WARN_DIRECT_OBJC_ISA_USAGE = YES_ERROR;
				CLANG_WARN_DOCUMENTATION_COMMENTS = YES;
				CLANG_WARN_EMPTY_BODY = YES;
				CLANG_WARN_ENUM_CONVERSION = YES;
				CLANG_WARN_INFINITE_RECURSION = YES;
				CLANG_WARN_INT_CONVERSION = YES;
				CLANG_WARN_NON_LITERAL_NULL_CONVERSION = YES;
				CLANG_WARN_OBJC_IMPLICIT_RETAIN_SELF = YES;
				CLANG_WARN_OBJC_LITERAL_CONVERSION = YES;
				CLANG_WARN_OBJC_ROOT_CLASS = YES_ERROR;
				CLANG_WARN_QUOTED_INCLUDE_IN_FRAMEWORK_HEADER = YES;
				CLANG_WARN_RANGE_LOOP_ANALYSIS = YES;
				CLANG_WARN_STRICT_PROTOTYPES = YES;
				CLANG_WARN_SUSPICIOUS_MOVE = YES;
				CLANG_WARN_UNGUARDED_AVAILABILITY = YES_AGGRESSIVE;
				CLANG_WARN_UNREACHABLE_CODE = YES;
				CLANG_WARN__DUPLICATE_METHOD_MATCH = YES;
				COPY_PHASE_STRIP = NO;
				DEBUG_INFORMATION_FORMAT = "dwarf-with-dsym";
				ENABLE_NS_ASSERTIONS = NO;
				ENABLE_STRICT_OBJC_MSGSEND = YES;
				GCC_C_LANGUAGE_STANDARD = gnu11;
				GCC_NO_COMMON_BLOCKS = YES;
				GCC_WARN_64_TO_32_BIT_CONVERSION = YES;
				GCC_WARN_ABOUT_RETURN_TYPE = YES_ERROR;
				GCC_WARN_UNDECLARED_SELECTOR = YES;
				GCC_WARN_UNINITIALIZED_AUTOS = YES_AGGRESSIVE;
				GCC_WARN_UNUSED_FUNCTION = YES;
				GCC_WARN_UNUSED_VARIABLE = YES;
				IPHONEOS_DEPLOYMENT_TARGET = 15.0;
				MTL_ENABLE_DEBUG_INFO = NO;
				MTL_FAST_MATH = YES;
				SDKROOT = iphoneos;
				SWIFT_COMPILATION_MODE = wholemodule;
				SWIFT_OPTIMIZATION_LEVEL = "-O";
				VALIDATE_PRODUCT = YES;
			};
			name = Release;
		};
		F4436AD72735490D00658751 /* Debug */ = {
			isa = XCBuildConfiguration;
			baseConfigurationReference = 6BC16C16BC5FA9E50ECC2FD4 /* Pods-ToDoHomework.debug.xcconfig */;
			buildSettings = {
				ASSETCATALOG_COMPILER_APPICON_NAME = AppIcon;
				ASSETCATALOG_COMPILER_GLOBAL_ACCENT_COLOR_NAME = AccentColor;
				CODE_SIGN_STYLE = Automatic;
				CURRENT_PROJECT_VERSION = 1;
				DEVELOPMENT_ASSET_PATHS = "\"ToDoHomework/Preview Content\"";
				ENABLE_PREVIEWS = YES;
				GENERATE_INFOPLIST_FILE = YES;
				INFOPLIST_KEY_UIApplicationSceneManifest_Generation = YES;
				INFOPLIST_KEY_UIApplicationSupportsIndirectInputEvents = YES;
				INFOPLIST_KEY_UILaunchScreen_Generation = YES;
				INFOPLIST_KEY_UISupportedInterfaceOrientations_iPad = "UIInterfaceOrientationPortrait UIInterfaceOrientationPortraitUpsideDown UIInterfaceOrientationLandscapeLeft UIInterfaceOrientationLandscapeRight";
				INFOPLIST_KEY_UISupportedInterfaceOrientations_iPhone = "UIInterfaceOrientationPortrait UIInterfaceOrientationLandscapeLeft UIInterfaceOrientationLandscapeRight";
				LD_RUNPATH_SEARCH_PATHS = (
					"$(inherited)",
					"@executable_path/Frameworks",
				);
				MARKETING_VERSION = 1.0;
				PRODUCT_BUNDLE_IDENTIFIER = Aldanah.ToDoHomework;
				PRODUCT_NAME = "$(TARGET_NAME)";
				SWIFT_EMIT_LOC_STRINGS = YES;
				SWIFT_VERSION = 5.0;
				TARGETED_DEVICE_FAMILY = "1,2";
			};
			name = Debug;
		};
		F4436AD82735490D00658751 /* Release */ = {
			isa = XCBuildConfiguration;
			baseConfigurationReference = 14D38AE099339ABC2DF3FE43 /* Pods-ToDoHomework.release.xcconfig */;
			buildSettings = {
				ASSETCATALOG_COMPILER_APPICON_NAME = AppIcon;
				ASSETCATALOG_COMPILER_GLOBAL_ACCENT_COLOR_NAME = AccentColor;
				CODE_SIGN_STYLE = Automatic;
				CURRENT_PROJECT_VERSION = 1;
				DEVELOPMENT_ASSET_PATHS = "\"ToDoHomework/Preview Content\"";
				ENABLE_PREVIEWS = YES;
				GENERATE_INFOPLIST_FILE = YES;
				INFOPLIST_KEY_UIApplicationSceneManifest_Generation = YES;
				INFOPLIST_KEY_UIApplicationSupportsIndirectInputEvents = YES;
				INFOPLIST_KEY_UILaunchScreen_Generation = YES;
				INFOPLIST_KEY_UISupportedInterfaceOrientations_iPad = "UIInterfaceOrientationPortrait UIInterfaceOrientationPortraitUpsideDown UIInterfaceOrientationLandscapeLeft UIInterfaceOrientationLandscapeRight";
				INFOPLIST_KEY_UISupportedInterfaceOrientations_iPhone = "UIInterfaceOrientationPortrait UIInterfaceOrientationLandscapeLeft UIInterfaceOrientationLandscapeRight";
				LD_RUNPATH_SEARCH_PATHS = (
					"$(inherited)",
					"@executable_path/Frameworks",
				);
				MARKETING_VERSION = 1.0;
				PRODUCT_BUNDLE_IDENTIFIER = Aldanah.ToDoHomework;
				PRODUCT_NAME = "$(TARGET_NAME)";
				SWIFT_EMIT_LOC_STRINGS = YES;
				SWIFT_VERSION = 5.0;
				TARGETED_DEVICE_FAMILY = "1,2";
			};
			name = Release;
		};
/* End XCBuildConfiguration section */

/* Begin XCConfigurationList section */
		F4436AC32735490A00658751 /* Build configuration list for PBXProject "ToDoHomework" */ = {
			isa = XCConfigurationList;
			buildConfigurations = (
				F4436AD42735490D00658751 /* Debug */,
				F4436AD52735490D00658751 /* Release */,
			);
			defaultConfigurationIsVisible = 0;
			defaultConfigurationName = Release;
		};
		F4436AD62735490D00658751 /* Build configuration list for PBXNativeTarget "ToDoHomework" */ = {
			isa = XCConfigurationList;
			buildConfigurations = (
				F4436AD72735490D00658751 /* Debug */,
				F4436AD82735490D00658751 /* Release */,
			);
			defaultConfigurationIsVisible = 0;
			defaultConfigurationName = Release;
		};
/* End XCConfigurationList section */
	};
	rootObject = F4436AC02735490A00658751 /* Project object */;
}
